github.com/Tangerg/lynx/pkg v0.0.0-20250407075544-299c15f48132 h1:Kqp3dmYSrvEg67z0V80PKsONAHzNQo2qoIRIseftu74=
github.com/Tangerg/lynx/pkg v0.0.0-20250407075544-299c15f48132/go.mod h1:kdlP68kUpvmSLJr9LYJsR8wVfs+gAD7e578MqGtS0Pg=
github.com/davecgh/go-spew v1.1.0/go.mod h1:J7Y8YcW2NihsgmVo/mv3lAwl/skON4iLHjSsI+c5H38=
github.com/davecgh/go-spew v1.1.1/go.mod h1:J7Y8YcW2NihsgmVo/mv3lAwl/skON4iLHjSsI+c5H38=
github.com/duke-git/lancet/v2 v2.3.3 h1:OhqzNzkbJBS9ZlWLo/C7g+WSAOAAyNj7p9CAiEHurUc=
github.com/duke-git/lancet/v2 v2.3.3/go.mod h1:zGa2R4xswg6EG9I6WnyubDbFO/+A/RROxIbXcwryTsc=
github.com/go-resty/resty/v2 v2.16.2 h1:CpRqTjIzq/rweXUt9+GxzzQdlkqMdt8Lm/fuK/CAbAg=
github.com/go-resty/resty/v2 v2.16.2/go.mod h1:0fHAoK7JoBy/Ch36N8VFeMsK7xQOHhvWaC3iOktwmIU=
github.com/kaptinlin/jsonrepair v0.1.0 h1:71Pwmyqan+fZPStHDSBTJngPhxtTkjEeWciZF3405cs=
github.com/kaptinlin/jsonrepair v0.1.0/go.mod h1:hW2xIfVQwmskoVSv9g8g3ITOkEiOKKRj934dDCVW6aM=
github.com/pmezard/go-difflib v1.0.0/go.mod h1:iKH77koFhYxTK1pcRnkKkqfTogsbg7gZNVY4sRDYZ/4=
github.com/sirupsen/logrus v1.9.3 h1:dueUQJ1C2q9oE3F7wvmSGAaVtTmUizReu6fjN8uqzbQ=
github.com/sirupsen/logrus v1.9.3/go.mod h1:naHLuLoDiP4jHNo9R0sCBMtWGeIprob74mVsIT4qYEQ=
github.com/spf13/cast v1.7.0 h1:ntdiHjuueXFgm5nzDRdOS4yfT43P5Fnud6DH50rz/7w=
github.com/spf13/cast v1.7.0/go.mod h1:ancEpBxwJDODSW/UG4rDrAqiKolqNNh2DX3mk86cAdo=
github.com/stretchr/objx v0.1.0/go.mod h1:HFkY916IF+rwdDfMAkV7OtwuqBVzrE8GR6GFx+wExME=
github.com/stretchr/testify v1.7.0/go.mod h1:6Fq8oRcR53rry900zMqJjRRixrwX3KX962/h/Wwjteg=
golang.org/x/exp v0.0.0-20230905200255-921286631fa9 h1:GoHiUyI/Tp2nVkLI2mCxVkOjsbSXD66ic0XW0js0R9g=
golang.org/x/exp v0.0.0-20230905200255-921286631fa9/go.mod h1:S2oDrQGGwySpoQPVqRShND87VCbxmc6bL1Yd2oYrm6k=
golang.org/x/net v0.38.0 h1:vRMAPTMaeGqVhG5QyLJHqNDwecKTomGeqbnfZyKlBI8=
golang.org/x/net v0.38.0/go.mod h1:ivrbrMbzFq5J41QOQh0siUuly180yBYtLp+CKbEaFx8=
golang.org/x/sys v0.0.0-20220715151400-c0bba94af5f8/go.mod h1:oPkhp1MJrh7nUepCBck5+mAzfO9JrbApNNgaTdGDITg=
golang.org/x/sys v0.31.0 h1:ioabZlmFYtWhL+TRYpcnNlLwhyxaM9kWTDEmfnprqik=
golang.org/x/sys v0.31.0/go.mod h1:BJP2sWEmIv4KK5OTEluFJCKSidICx8ciO85XgH3Ak8k=
gopkg.in/check.v1 v0.0.0-20161208181325-20d25e280405/go.mod h1:Co6ibVJAznAaIkqp8huTwlJQCZ016jof/cbN4VW5Yz0=
gopkg.in/yaml.v3 v3.0.0-20200313102051-9f266ea9e77c/go.mod h1:K4uyk7z7BCEPqu6E+C64Yfv1cQ7kz7rIZviUmN+EgEM=
